// !$*UTF8*$!
{
	archiveVersion = 1;
	classes = {
	};
	objectVersion = 56;
	objects = {

/* Begin PBXBuildFile section */
		E274792F2A5D9C8A00F1BEB3 /* News.swift in Sources */ = {isa = PBXBuildFile; fileRef = E274792E2A5D9C8A00F1BEB3 /* News.swift */; };
		E27479312A5DE2F800F1BEB3 /* WebService.swift in Sources */ = {isa = PBXBuildFile; fileRef = E27479302A5DE2F800F1BEB3 /* WebService.swift */; };
		E27479332A5EC6C700F1BEB3 /* NewsViewModel.swift in Sources */ = {isa = PBXBuildFile; fileRef = E27479322A5EC6C700F1BEB3 /* NewsViewModel.swift */; };
		E2A39F582A5D959B00A21514 /* AppDelegate.swift in Sources */ = {isa = PBXBuildFile; fileRef = E2A39F572A5D959B00A21514 /* AppDelegate.swift */; };
		E2A39F5A2A5D959B00A21514 /* SceneDelegate.swift in Sources */ = {isa = PBXBuildFile; fileRef = E2A39F592A5D959B00A21514 /* SceneDelegate.swift */; };
		E2A39F5C2A5D959B00A21514 /* ViewController.swift in Sources */ = {isa = PBXBuildFile; fileRef = E2A39F5B2A5D959B00A21514 /* ViewController.swift */; };
		E2A39F5F2A5D959B00A21514 /* Main.storyboard in Resources */ = {isa = PBXBuildFile; fileRef = E2A39F5D2A5D959B00A21514 /* Main.storyboard */; };
		E2A39F612A5D959C00A21514 /* Assets.xcassets in Resources */ = {isa = PBXBuildFile; fileRef = E2A39F602A5D959C00A21514 /* Assets.xcassets */; };
		E2A39F642A5D959C00A21514 /* LaunchScreen.storyboard in Resources */ = {isa = PBXBuildFile; fileRef = E2A39F622A5D959C00A21514 /* LaunchScreen.storyboard */; };
		E2A39F6C2A5D96F500A21514 /* NewsCell.swift in Sources */ = {isa = PBXBuildFile; fileRef = E2A39F6B2A5D96F500A21514 /* NewsCell.swift */; };
/* End PBXBuildFile section */

/* Begin PBXFileReference section */
		E274792E2A5D9C8A00F1BEB3 /* News.swift */ = {isa = PBXFileReference; lastKnownFileType = sourcecode.swift; path = News.swift; sourceTree = "<group>"; };
		E27479302A5DE2F800F1BEB3 /* WebService.swift */ = {isa = PBXFileReference; lastKnownFileType = sourcecode.swift; path = WebService.swift; sourceTree = "<group>"; };
		E27479322A5EC6C700F1BEB3 /* NewsViewModel.swift */ = {isa = PBXFileReference; lastKnownFileType = sourcecode.swift; path = NewsViewModel.swift; sourceTree = "<group>"; };
		E2A39F542A5D959B00A21514 /* NewsApp.app */ = {isa = PBXFileReference; explicitFileType = wrapper.application; includeInIndex = 0; path = NewsApp.app; sourceTree = BUILT_PRODUCTS_DIR; };
		E2A39F572A5D959B00A21514 /* AppDelegate.swift */ = {isa = PBXFileReference; lastKnownFileType = sourcecode.swift; path = AppDelegate.swift; sourceTree = "<group>"; };
		E2A39F592A5D959B00A21514 /* SceneDelegate.swift */ = {isa = PBXFileReference; lastKnownFileType = sourcecode.swift; path = SceneDelegate.swift; sourceTree = "<group>"; };
		E2A39F5B2A5D959B00A21514 /* ViewController.swift */ = {isa = PBXFileReference; lastKnownFileType = sourcecode.swift; path = ViewController.swift; sourceTree = "<group>"; };
		E2A39F5E2A5D959B00A21514 /* Base */ = {isa = PBXFileReference; lastKnownFileType = file.storyboard; name = Base; path = Base.lproj/Main.storyboard; sourceTree = "<group>"; };
		E2A39F602A5D959C00A21514 /* Assets.xcassets */ = {isa = PBXFileReference; lastKnownFileType = folder.assetcatalog; path = Assets.xcassets; sourceTree = "<group>"; };
		E2A39F632A5D959C00A21514 /* Base */ = {isa = PBXFileReference; lastKnownFileType = file.storyboard; name = Base; path = Base.lproj/LaunchScreen.storyboard; sourceTree = "<group>"; };
		E2A39F652A5D959C00A21514 /* Info.plist */ = {isa = PBXFileReference; lastKnownFileType = text.plist.xml; path = Info.plist; sourceTree = "<group>"; };
		E2A39F6B2A5D96F500A21514 /* NewsCell.swift */ = {isa = PBXFileReference; lastKnownFileType = sourcecode.swift; path = NewsCell.swift; sourceTree = "<group>"; };
/* End PBXFileReference section */

/* Begin PBXFrameworksBuildPhase section */
		E2A39F512A5D959B00A21514 /* Frameworks */ = {
			isa = PBXFrameworksBuildPhase;
			buildActionMask = 2147483647;
			files = (
			);
			runOnlyForDeploymentPostprocessing = 0;
		};
/* End PBXFrameworksBuildPhase section */

/* Begin PBXGroup section */
		E27479272A5D9C1900F1BEB3 /* View */ = {
			isa = PBXGroup;
			children = (
				E2A39F572A5D959B00A21514 /* AppDelegate.swift */,
				E2A39F592A5D959B00A21514 /* SceneDelegate.swift */,
				E2A39F5B2A5D959B00A21514 /* ViewController.swift */,
				E2A39F6B2A5D96F500A21514 /* NewsCell.swift */,
			);
			path = View;
			sourceTree = "<group>";
		};
		E27479282A5D9C1F00F1BEB3 /* Model */ = {
			isa = PBXGroup;
			children = (
				E274792E2A5D9C8A00F1BEB3 /* News.swift */,
			);
			path = Model;
			sourceTree = "<group>";
		};
		E27479292A5D9C2500F1BEB3 /* ViewModel */ = {
			isa = PBXGroup;
			children = (
				E27479322A5EC6C700F1BEB3 /* NewsViewModel.swift */,
			);
			path = ViewModel;
			sourceTree = "<group>";
		};
		E274792A2A5D9C3600F1BEB3 /* Services */ = {
			isa = PBXGroup;
			children = (
				E27479302A5DE2F800F1BEB3 /* WebService.swift */,
			);
			path = Services;
			sourceTree = "<group>";
		};
		E2A39F4B2A5D959B00A21514 = {
			isa = PBXGroup;
			children = (
				E2A39F562A5D959B00A21514 /* NewsApp */,
				E2A39F552A5D959B00A21514 /* Products */,
			);
			sourceTree = "<group>";
		};
		E2A39F552A5D959B00A21514 /* Products */ = {
			isa = PBXGroup;
			children = (
				E2A39F542A5D959B00A21514 /* NewsApp.app */,
			);
			name = Products;
			sourceTree = "<group>";
		};
		E2A39F562A5D959B00A21514 /* NewsApp */ = {
			isa = PBXGroup;
			children = (
				E274792A2A5D9C3600F1BEB3 /* Services */,
				E27479282A5D9C1F00F1BEB3 /* Model */,
				E27479272A5D9C1900F1BEB3 /* View */,
				E27479292A5D9C2500F1BEB3 /* ViewModel */,
				E2A39F5D2A5D959B00A21514 /* Main.storyboard */,
				E2A39F602A5D959C00A21514 /* Assets.xcassets */,
				E2A39F622A5D959C00A21514 /* LaunchScreen.storyboard */,
				E2A39F652A5D959C00A21514 /* Info.plist */,
			);
			path = NewsApp;
			sourceTree = "<group>";
		};
/* End PBXGroup section */

/* Begin PBXNativeTarget section */
		E2A39F532A5D959B00A21514 /* NewsApp */ = {
			isa = PBXNativeTarget;
			buildConfigurationList = E2A39F682A5D959C00A21514 /* Build configuration list for PBXNativeTarget "NewsApp" */;
			buildPhases = (
				E2A39F502A5D959B00A21514 /* Sources */,
				E2A39F512A5D959B00A21514 /* Frameworks */,
				E2A39F522A5D959B00A21514 /* Resources */,
			);
			buildRules = (
			);
			dependencies = (
			);
			name = NewsApp;
			productName = NewsApp;
			productReference = E2A39F542A5D959B00A21514 /* NewsApp.app */;
			productType = "com.apple.product-type.application";
		};
/* End PBXNativeTarget section */

/* Begin PBXProject section */
		E2A39F4C2A5D959B00A21514 /* Project object */ = {
			isa = PBXProject;
			attributes = {
				BuildIndependentTargetsInParallel = 1;
				LastSwiftUpdateCheck = 1430;
				LastUpgradeCheck = 1430;
				TargetAttributes = {
					E2A39F532A5D959B00A21514 = {
						CreatedOnToolsVersion = 14.3.1;
					};
				};
			};
			buildConfigurationList = E2A39F4F2A5D959B00A21514 /* Build configuration list for PBXProject "NewsApp" */;
			compatibilityVersion = "Xcode 14.0";
			developmentRegion = en;
			hasScannedForEncodings = 0;
			knownRegions = (
				en,
				Base,
			);
			mainGroup = E2A39F4B2A5D959B00A21514;
			productRefGroup = E2A39F552A5D959B00A21514 /* Products */;
			projectDirPath = "";
			projectRoot = "";
			targets = (
				E2A39F532A5D959B00A21514 /* NewsApp */,
			);
		};
/* End PBXProject section */

/* Begin PBXResourcesBuildPhase section */
		E2A39F522A5D959B00A21514 /* Resources */ = {
			isa = PBXResourcesBuildPhase;
			buildActionMask = 2147483647;
			files = (
				E2A39F642A5D959C00A21514 /* LaunchScreen.storyboard in Resources */,
				E2A39F612A5D959C00A21514 /* Assets.xcassets in Resources */,
				E2A39F5F2A5D959B00A21514 /* Main.storyboard in Resources */,
			);
			runOnlyForDeploymentPostprocessing = 0;
		};
/* End PBXResourcesBuildPhase section */

/* Begin PBXSourcesBuildPhase section */
		E2A39F502A5D959B00A21514 /* Sources */ = {
			isa = PBXSourcesBuildPhase;
			buildActionMask = 2147483647;
			files = (
				E27479312A5DE2F800F1BEB3 /* WebService.swift in Sources */,
				E2A39F5C2A5D959B00A21514 /* ViewController.swift in Sources */,
				E2A39F582A5D959B00A21514 /* AppDelegate.swift in Sources */,
				E2A39F6C2A5D96F500A21514 /* NewsCell.swift in Sources */,
				E27479332A5EC6C700F1BEB3 /* NewsViewModel.swift in Sources */,
				E274792F2A5D9C8A00F1BEB3 /* News.swift in Sources */,
				E2A39F5A2A5D959B00A21514 /* SceneDelegate.swift in Sources */,
			);
			runOnlyForDeploymentPostprocessing = 0;
		};
/* End PBXSourcesBuildPhase section */

/* Begin PBXVariantGroup section */
		E2A39F5D2A5D959B00A21514 /* Main.storyboard */ = {
			isa = PBXVariantGroup;
			children = (
				E2A39F5E2A5D959B00A21514 /* Base */,
			);
			name = Main.storyboard;
			sourceTree = "<group>";
		};
		E2A39F622A5D959C00A21514 /* LaunchScreen.storyboard */ = {
			isa = PBXVariantGroup;
			children = (
				E2A39F632A5D959C00A21514 /* Base */,
			);
			name = LaunchScreen.storyboard;
			sourceTree = "<group>";
		};
/* End PBXVariantGroup section */

/* Begin XCBuildConfiguration section */
		E2A39F662A5D959C00A21514 /* Debug */ = {
			isa = XCBuildConfiguration;
			buildSettings = {
				ALWAYS_SEARCH_USER_PATHS = NO;
				CLANG_ANALYZER_NONNULL = YES;
				CLANG_ANALYZER_NUMBER_OBJECT_CONVERSION = YES_AGGRESSIVE;
				CLANG_CXX_LANGUAGE_STANDARD = "gnu++20";
				CLANG_ENABLE_MODULES = YES;
				CLANG_ENABLE_OBJC_ARC = YES;
				CLANG_ENABLE_OBJC_WEAK = YES;
				CLANG_WARN_BLOCK_CAPTURE_AUTORELEASING = YES;
				CLANG_WARN_BOOL_CONVERSION = YES;
				CLANG_WARN_COMMA = YES;
				CLANG_WARN_CONSTANT_CONVERSION = YES;
				CLANG_WARN_DEPRECATED_OBJC_IMPLEMENTATIONS = YES;
				CLANG_WARN_DIRECT_OBJC_ISA_USAGE = YES_ERROR;
				CLANG_WARN_DOCUMENTATION_COMMENTS = YES;
				CLANG_WARN_EMPTY_BODY = YES;
				CLANG_WARN_ENUM_CONVERSION = YES;
				CLANG_WARN_INFINITE_RECURSION = YES;
				CLANG_WARN_INT_CONVERSION = YES;
				CLANG_WARN_NON_LITERAL_NULL_CONVERSION = YES;
				CLANG_WARN_OBJC_IMPLICIT_RETAIN_SELF = YES;
				CLANG_WARN_OBJC_LITERAL_CONVERSION = YES;
				CLANG_WARN_OBJC_ROOT_CLASS = YES_ERROR;
				CLANG_WARN_QUOTED_INCLUDE_IN_FRAMEWORK_HEADER = YES;
				CLANG_WARN_RANGE_LOOP_ANALYSIS = YES;
				CLANG_WARN_STRICT_PROTOTYPES = YES;
				CLANG_WARN_SUSPICIOUS_MOVE = YES;
				CLANG_WARN_UNGUARDED_AVAILABILITY = YES_AGGRESSIVE;
				CLANG_WARN_UNREACHABLE_CODE = YES;
				CLANG_WARN__DUPLICATE_METHOD_MATCH = YES;
				COPY_PHASE_STRIP = NO;
				DEBUG_INFORMATION_FORMAT = dwarf;
				ENABLE_STRICT_OBJC_MSGSEND = YES;
				ENABLE_TESTABILITY = YES;
				GCC_C_LANGUAGE_STANDARD = gnu11;
				GCC_DYNAMIC_NO_PIC = NO;
				GCC_NO_COMMON_BLOCKS = YES;
				GCC_OPTIMIZATION_LEVEL = 0;
				GCC_PREPROCESSOR_DEFINITIONS = (
					"DEBUG=1",
					"$(inherited)",
				);
				GCC_WARN_64_TO_32_BIT_CONVERSION = YES;
				GCC_WARN_ABOUT_RETURN_TYPE = YES_ERROR;
				GCC_WARN_UNDECLARED_SELECTOR = YES;
				GCC_WARN_UNINITIALIZED_AUTOS = YES_AGGRESSIVE;
				GCC_WARN_UNUSED_FUNCTION = YES;
				GCC_WARN_UNUSED_VARIABLE = YES;
				IPHONEOS_DEPLOYMENT_TARGET = 16.4;
				MTL_ENABLE_DEBUG_INFO = INCLUDE_SOURCE;
				MTL_FAST_MATH = YES;
				ONLY_ACTIVE_ARCH = YES;
				SDKROOT = iphoneos;
				SWIFT_ACTIVE_COMPILATION_CONDITIONS = DEBUG;
				SWIFT_OPTIMIZATION_LEVEL = "-Onone";
			};
			name = Debug;
		};
		E2A39F672A5D959C00A21514 /* Release */ = {
			isa = XCBuildConfiguration;
			buildSettings = {
				ALWAYS_SEARCH_USER_PATHS = NO;
				CLANG_ANALYZER_NONNULL = YES;
				CLANG_ANALYZER_NUMBER_OBJECT_CONVERSION = YES_AGGRESSIVE;
				CLANG_CXX_LANGUAGE_STANDARD = "gnu++20";
				CLANG_ENABLE_MODULES = YES;
				CLANG_ENABLE_OBJC_ARC = YES;
				CLANG_ENABLE_OBJC_WEAK = YES;
				CLANG_WARN_BLOCK_CAPTURE_AUTORELEASING = YES;
				CLANG_WARN_BOOL_CONVERSION = YES;
				CLANG_WARN_COMMA = YES;
				CLANG_WARN_CONSTANT_CONVERSION = YES;
				CLANG_WARN_DEPRECATED_OBJC_IMPLEMENTATIONS = YES;
				CLANG_WARN_DIRECT_OBJC_ISA_USAGE = YES_ERROR;
				CLANG_WARN_DOCUMENTATION_COMMENTS = YES;
				CLANG_WARN_EMPTY_BODY = YES;
				CLANG_WARN_ENUM_CONVERSION = YES;
				CLANG_WARN_INFINITE_RECURSION = YES;
				CLANG_WARN_INT_CONVERSION = YES;
				CLANG_WARN_NON_LITERAL_NULL_CONVERSION = YES;
				CLANG_WARN_OBJC_IMPLICIT_RETAIN_SELF = YES;
				CLANG_WARN_OBJC_LITERAL_CONVERSION = YES;
				CLANG_WARN_OBJC_ROOT_CLASS = YES_ERROR;
				CLANG_WARN_QUOTED_INCLUDE_IN_FRAMEWORK_HEADER = YES;
				CLANG_WARN_RANGE_LOOP_ANALYSIS = YES;
				CLANG_WARN_STRICT_PROTOTYPES = YES;
				CLANG_WARN_SUSPICIOUS_MOVE = YES;
				CLANG_WARN_UNGUARDED_AVAILABILITY = YES_AGGRESSIVE;
				CLANG_WARN_UNREACHABLE_CODE = YES;
				CLANG_WARN__DUPLICATE_METHOD_MATCH = YES;
				COPY_PHASE_STRIP = NO;
				DEBUG_INFORMATION_FORMAT = "dwarf-with-dsym";
				ENABLE_NS_ASSERTIONS = NO;
				ENABLE_STRICT_OBJC_MSGSEND = YES;
				GCC_C_LANGUAGE_STANDARD = gnu11;
				GCC_NO_COMMON_BLOCKS = YES;
				GCC_WARN_64_TO_32_BIT_CONVERSION = YES;
				GCC_WARN_ABOUT_RETURN_TYPE = YES_ERROR;
				GCC_WARN_UNDECLARED_SELECTOR = YES;
				GCC_WARN_UNINITIALIZED_AUTOS = YES_AGGRESSIVE;
				GCC_WARN_UNUSED_FUNCTION = YES;
				GCC_WARN_UNUSED_VARIABLE = YES;
				IPHONEOS_DEPLOYMENT_TARGET = 16.4;
				MTL_ENABLE_DEBUG_INFO = NO;
				MTL_FAST_MATH = YES;
				SDKROOT = iphoneos;
				SWIFT_COMPILATION_MODE = wholemodule;
				SWIFT_OPTIMIZATION_LEVEL = "-O";
				VALIDATE_PRODUCT = YES;
			};
			name = Release;
		};
		E2A39F692A5D959C00A21514 /* Debug */ = {
			isa = XCBuildConfiguration;
			buildSettings = {
				ASSETCATALOG_COMPILER_APPICON_NAME = AppIcon;
				ASSETCATALOG_COMPILER_GLOBAL_ACCENT_COLOR_NAME = AccentColor;
				CODE_SIGN_STYLE = Automatic;
				CURRENT_PROJECT_VERSION = 1;
				DEVELOPMENT_TEAM = 4HXT666CZK;
				GENERATE_INFOPLIST_FILE = YES;
				INFOPLIST_FILE = NewsApp/Info.plist;
				INFOPLIST_KEY_UIApplicationSupportsIndirectInputEvents = YES;
				INFOPLIST_KEY_UILaunchStoryboardName = LaunchScreen;
				INFOPLIST_KEY_UIMainStoryboardFile = Main;
				INFOPLIST_KEY_UISupportedInterfaceOrientations_iPad = "UIInterfaceOrientationPortrait UIInterfaceOrientationPortraitUpsideDown UIInterfaceOrientationLandscapeLeft UIInterfaceOrientationLandscapeRight";
				INFOPLIST_KEY_UISupportedInterfaceOrientations_iPhone = "UIInterfaceOrientationPortrait UIInterfaceOrientationLandscapeLeft UIInterfaceOrientationLandscapeRight";
				LD_RUNPATH_SEARCH_PATHS = (
					"$(inherited)",
					"@executable_path/Frameworks",
				);
				MARKETING_VERSION = 1.0;
				PRODUCT_BUNDLE_IDENTIFIER = com.denisdragan.NewsApp;
				PRODUCT_NAME = "$(TARGET_NAME)";
				SWIFT_EMIT_LOC_STRINGS = YES;
				SWIFT_VERSION = 5.0;
				TARGETED_DEVICE_FAMILY = "1,2";
			};
			name = Debug;
		};
		E2A39F6A2A5D959C00A21514 /* Release */ = {
			isa = XCBuildConfiguration;
			buildSettings = {
				ASSETCATALOG_COMPILER_APPICON_NAME = AppIcon;
				ASSETCATALOG_COMPILER_GLOBAL_ACCENT_COLOR_NAME = AccentColor;
				CODE_SIGN_STYLE = Automatic;
				CURRENT_PROJECT_VERSION = 1;
				DEVELOPMENT_TEAM = 4HXT666CZK;
				GENERATE_INFOPLIST_FILE = YES;
				INFOPLIST_FILE = NewsApp/Info.plist;
				INFOPLIST_KEY_UIApplicationSupportsIndirectInputEvents = YES;
				INFOPLIST_KEY_UILaunchStoryboardName = LaunchScreen;
				INFOPLIST_KEY_UIMainStoryboardFile = Main;
				INFOPLIST_KEY_UISupportedInterfaceOrientations_iPad = "UIInterfaceOrientationPortrait UIInterfaceOrientationPortraitUpsideDown UIInterfaceOrientationLandscapeLeft UIInterfaceOrientationLandscapeRight";
				INFOPLIST_KEY_UISupportedInterfaceOrientations_iPhone = "UIInterfaceOrientationPortrait UIInterfaceOrientationLandscapeLeft UIInterfaceOrientationLandscapeRight";
				LD_RUNPATH_SEARCH_PATHS = (
					"$(inherited)",
					"@executable_path/Frameworks",
				);
				MARKETING_VERSION = 1.0;
				PRODUCT_BUNDLE_IDENTIFIER = com.denisdragan.NewsApp;
				PRODUCT_NAME = "$(TARGET_NAME)";
				SWIFT_EMIT_LOC_STRINGS = YES;
				SWIFT_VERSION = 5.0;
				TARGETED_DEVICE_FAMILY = "1,2";
			};
			name = Release;
		};
/* End XCBuildConfiguration section */

/* Begin XCConfigurationList section */
		E2A39F4F2A5D959B00A21514 /* Build configuration list for PBXProject "NewsApp" */ = {
			isa = XCConfigurationList;
			buildConfigurations = (
				E2A39F662A5D959C00A21514 /* Debug */,
				E2A39F672A5D959C00A21514 /* Release */,
			);
			defaultConfigurationIsVisible = 0;
			defaultConfigurationName = Release;
		};
		E2A39F682A5D959C00A21514 /* Build configuration list for PBXNativeTarget "NewsApp" */ = {
			isa = XCConfigurationList;
			buildConfigurations = (
				E2A39F692A5D959C00A21514 /* Debug */,
				E2A39F6A2A5D959C00A21514 /* Release */,
			);
			defaultConfigurationIsVisible = 0;
			defaultConfigurationName = Release;
		};
/* End XCConfigurationList section */
	};
	rootObject = E2A39F4C2A5D959B00A21514 /* Project object */;
}
